# THIS IS AN AUTOGENERATED FILE. DO NOT EDIT THIS FILE DIRECTLY.
# yarn lockfile v1


material-dashboard@^2.1.0:
  version "2.1.0"
  resolved "https://registry.yarnpkg.com/material-dashboard/-/material-dashboard-2.1.0.tgz#9e61f8e52bb932ef190d81cbad60ecc5b5751d67"
  integrity sha512-de6if9WnelNvQdtLRcyTao3vx1ESjOVsX6tiwAmSjJvfBHcHgKO9wP54jYLfYIn3ILbluqXh1GXPqubNLgH/Kg==
